// !$*UTF8*$!
{
	archiveVersion = 1;
	classes = {
	};
	objectVersion = 56;
	objects = {

/* Begin PBXBuildFile section */
		6C5E81182922C6BE00BE08DA /* AppDelegate.swift in Sources */ = {isa = PBXBuildFile; fileRef = 6C5E81172922C6BE00BE08DA /* AppDelegate.swift */; };
		6C5E811A2922C6BE00BE08DA /* SceneDelegate.swift in Sources */ = {isa = PBXBuildFile; fileRef = 6C5E81192922C6BE00BE08DA /* SceneDelegate.swift */; };
		6C5E811C2922C6BE00BE08DA /* ViewController.swift in Sources */ = {isa = PBXBuildFile; fileRef = 6C5E811B2922C6BE00BE08DA /* ViewController.swift */; };
		6C5E811F2922C6BE00BE08DA /* Main.storyboard in Resources */ = {isa = PBXBuildFile; fileRef = 6C5E811D2922C6BE00BE08DA /* Main.storyboard */; };
		6C5E81212922C6BF00BE08DA /* Assets.xcassets in Resources */ = {isa = PBXBuildFile; fileRef = 6C5E81202922C6BF00BE08DA /* Assets.xcassets */; };
		6C5E81242922C6BF00BE08DA /* LaunchScreen.storyboard in Resources */ = {isa = PBXBuildFile; fileRef = 6C5E81222922C6BF00BE08DA /* LaunchScreen.storyboard */; };
		6C5E812D2922CAC000BE08DA /* TableViewController.swift in Sources */ = {isa = PBXBuildFile; fileRef = 6C5E812C2922CAC000BE08DA /* TableViewController.swift */; };
		6C5E812F2922CACE00BE08DA /* TableViewController.storyboard in Resources */ = {isa = PBXBuildFile; fileRef = 6C5E812E2922CACE00BE08DA /* TableViewController.storyboard */; };
		6C5E81332922CBEB00BE08DA /* TableViewCell.swift in Sources */ = {isa = PBXBuildFile; fileRef = 6C5E81312922CBEB00BE08DA /* TableViewCell.swift */; };
		6C5E81342922CBEB00BE08DA /* TableViewCell.xib in Resources */ = {isa = PBXBuildFile; fileRef = 6C5E81322922CBEB00BE08DA /* TableViewCell.xib */; };
/* End PBXBuildFile section */

/* Begin PBXFileReference section */
		6C5E81142922C6BE00BE08DA /* TableViewFromScratch.app */ = {isa = PBXFileReference; explicitFileType = wrapper.application; includeInIndex = 0; path = TableViewFromScratch.app; sourceTree = BUILT_PRODUCTS_DIR; };
		6C5E81172922C6BE00BE08DA /* AppDelegate.swift */ = {isa = PBXFileReference; lastKnownFileType = sourcecode.swift; path = AppDelegate.swift; sourceTree = "<group>"; };
		6C5E81192922C6BE00BE08DA /* SceneDelegate.swift */ = {isa = PBXFileReference; lastKnownFileType = sourcecode.swift; path = SceneDelegate.swift; sourceTree = "<group>"; };
		6C5E811B2922C6BE00BE08DA /* ViewController.swift */ = {isa = PBXFileReference; lastKnownFileType = sourcecode.swift; path = ViewController.swift; sourceTree = "<group>"; };
		6C5E811E2922C6BE00BE08DA /* Base */ = {isa = PBXFileReference; lastKnownFileType = file.storyboard; name = Base; path = Base.lproj/Main.storyboard; sourceTree = "<group>"; };
		6C5E81202922C6BF00BE08DA /* Assets.xcassets */ = {isa = PBXFileReference; lastKnownFileType = folder.assetcatalog; path = Assets.xcassets; sourceTree = "<group>"; };
		6C5E81232922C6BF00BE08DA /* Base */ = {isa = PBXFileReference; lastKnownFileType = file.storyboard; name = Base; path = Base.lproj/LaunchScreen.storyboard; sourceTree = "<group>"; };
		6C5E81252922C6BF00BE08DA /* Info.plist */ = {isa = PBXFileReference; lastKnownFileType = text.plist.xml; path = Info.plist; sourceTree = "<group>"; };
		6C5E812C2922CAC000BE08DA /* TableViewController.swift */ = {isa = PBXFileReference; lastKnownFileType = sourcecode.swift; path = TableViewController.swift; sourceTree = "<group>"; };
		6C5E812E2922CACE00BE08DA /* TableViewController.storyboard */ = {isa = PBXFileReference; lastKnownFileType = file.storyboard; path = TableViewController.storyboard; sourceTree = "<group>"; };
		6C5E81312922CBEB00BE08DA /* TableViewCell.swift */ = {isa = PBXFileReference; lastKnownFileType = sourcecode.swift; path = TableViewCell.swift; sourceTree = "<group>"; };
		6C5E81322922CBEB00BE08DA /* TableViewCell.xib */ = {isa = PBXFileReference; lastKnownFileType = file.xib; path = TableViewCell.xib; sourceTree = "<group>"; };
/* End PBXFileReference section */

/* Begin PBXFrameworksBuildPhase section */
		6C5E81112922C6BE00BE08DA /* Frameworks */ = {
			isa = PBXFrameworksBuildPhase;
			buildActionMask = 2147483647;
			files = (
			);
			runOnlyForDeploymentPostprocessing = 0;
		};
/* End PBXFrameworksBuildPhase section */

/* Begin PBXGroup section */
		6C5E810B2922C6BE00BE08DA = {
			isa = PBXGroup;
			children = (
				6C5E81162922C6BE00BE08DA /* TableViewFromScratch */,
				6C5E81152922C6BE00BE08DA /* Products */,
			);
			sourceTree = "<group>";
		};
		6C5E81152922C6BE00BE08DA /* Products */ = {
			isa = PBXGroup;
			children = (
				6C5E81142922C6BE00BE08DA /* TableViewFromScratch.app */,
			);
			name = Products;
			sourceTree = "<group>";
		};
		6C5E81162922C6BE00BE08DA /* TableViewFromScratch */ = {
			isa = PBXGroup;
			children = (
				6C5E81302922CBCE00BE08DA /* Cell */,
				6C5E812B2922C6CD00BE08DA /* TableView */,
				6C5E81172922C6BE00BE08DA /* AppDelegate.swift */,
				6C5E81192922C6BE00BE08DA /* SceneDelegate.swift */,
				6C5E811B2922C6BE00BE08DA /* ViewController.swift */,
				6C5E811D2922C6BE00BE08DA /* Main.storyboard */,
				6C5E81202922C6BF00BE08DA /* Assets.xcassets */,
				6C5E81222922C6BF00BE08DA /* LaunchScreen.storyboard */,
				6C5E81252922C6BF00BE08DA /* Info.plist */,
			);
			path = TableViewFromScratch;
			sourceTree = "<group>";
		};
		6C5E812B2922C6CD00BE08DA /* TableView */ = {
			isa = PBXGroup;
			children = (
				6C5E812C2922CAC000BE08DA /* TableViewController.swift */,
				6C5E812E2922CACE00BE08DA /* TableViewController.storyboard */,
			);
			path = TableView;
			sourceTree = "<group>";
		};
		6C5E81302922CBCE00BE08DA /* Cell */ = {
			isa = PBXGroup;
			children = (
				6C5E81312922CBEB00BE08DA /* TableViewCell.swift */,
				6C5E81322922CBEB00BE08DA /* TableViewCell.xib */,
			);
			path = Cell;
			sourceTree = "<group>";
		};
/* End PBXGroup section */

/* Begin PBXNativeTarget section */
		6C5E81132922C6BE00BE08DA /* TableViewFromScratch */ = {
			isa = PBXNativeTarget;
			buildConfigurationList = 6C5E81282922C6BF00BE08DA /* Build configuration list for PBXNativeTarget "TableViewFromScratch" */;
			buildPhases = (
				6C5E81102922C6BE00BE08DA /* Sources */,
				6C5E81112922C6BE00BE08DA /* Frameworks */,
				6C5E81122922C6BE00BE08DA /* Resources */,
			);
			buildRules = (
			);
			dependencies = (
			);
			name = TableViewFromScratch;
			productName = TableViewFromScratch;
			productReference = 6C5E81142922C6BE00BE08DA /* TableViewFromScratch.app */;
			productType = "com.apple.product-type.application";
		};
/* End PBXNativeTarget section */

/* Begin PBXProject section */
		6C5E810C2922C6BE00BE08DA /* Project object */ = {
			isa = PBXProject;
			attributes = {
				BuildIndependentTargetsInParallel = 1;
				LastSwiftUpdateCheck = 1400;
				LastUpgradeCheck = 1400;
				TargetAttributes = {
					6C5E81132922C6BE00BE08DA = {
						CreatedOnToolsVersion = 14.0;
					};
				};
			};
			buildConfigurationList = 6C5E810F2922C6BE00BE08DA /* Build configuration list for PBXProject "TableViewFromScratch" */;
			compatibilityVersion = "Xcode 14.0";
			developmentRegion = en;
			hasScannedForEncodings = 0;
			knownRegions = (
				en,
				Base,
			);
			mainGroup = 6C5E810B2922C6BE00BE08DA;
			productRefGroup = 6C5E81152922C6BE00BE08DA /* Products */;
			projectDirPath = "";
			projectRoot = "";
			targets = (
				6C5E81132922C6BE00BE08DA /* TableViewFromScratch */,
			);
		};
/* End PBXProject section */

/* Begin PBXResourcesBuildPhase section */
		6C5E81122922C6BE00BE08DA /* Resources */ = {
			isa = PBXResourcesBuildPhase;
			buildActionMask = 2147483647;
			files = (
				6C5E812F2922CACE00BE08DA /* TableViewController.storyboard in Resources */,
				6C5E81342922CBEB00BE08DA /* TableViewCell.xib in Resources */,
				6C5E81242922C6BF00BE08DA /* LaunchScreen.storyboard in Resources */,
				6C5E81212922C6BF00BE08DA /* Assets.xcassets in Resources */,
				6C5E811F2922C6BE00BE08DA /* Main.storyboard in Resources */,
			);
			runOnlyForDeploymentPostprocessing = 0;
		};
/* End PBXResourcesBuildPhase section */

/* Begin PBXSourcesBuildPhase section */
		6C5E81102922C6BE00BE08DA /* Sources */ = {
			isa = PBXSourcesBuildPhase;
			buildActionMask = 2147483647;
			files = (
				6C5E81332922CBEB00BE08DA /* TableViewCell.swift in Sources */,
				6C5E811C2922C6BE00BE08DA /* ViewController.swift in Sources */,
				6C5E81182922C6BE00BE08DA /* AppDelegate.swift in Sources */,
				6C5E811A2922C6BE00BE08DA /* SceneDelegate.swift in Sources */,
				6C5E812D2922CAC000BE08DA /* TableViewController.swift in Sources */,
			);
			runOnlyForDeploymentPostprocessing = 0;
		};
/* End PBXSourcesBuildPhase section */

/* Begin PBXVariantGroup section */
		6C5E811D2922C6BE00BE08DA /* Main.storyboard */ = {
			isa = PBXVariantGroup;
			children = (
				6C5E811E2922C6BE00BE08DA /* Base */,
			);
			name = Main.storyboard;
			sourceTree = "<group>";
		};
		6C5E81222922C6BF00BE08DA /* LaunchScreen.storyboard */ = {
			isa = PBXVariantGroup;
			children = (
				6C5E81232922C6BF00BE08DA /* Base */,
			);
			name = LaunchScreen.storyboard;
			sourceTree = "<group>";
		};
/* End PBXVariantGroup section */

/* Begin XCBuildConfiguration section */
		6C5E81262922C6BF00BE08DA /* Debug */ = {
			isa = XCBuildConfiguration;
			buildSettings = {
				ALWAYS_SEARCH_USER_PATHS = NO;
				CLANG_ANALYZER_NONNULL = YES;
				CLANG_ANALYZER_NUMBER_OBJECT_CONVERSION = YES_AGGRESSIVE;
				CLANG_CXX_LANGUAGE_STANDARD = "gnu++20";
				CLANG_ENABLE_MODULES = YES;
				CLANG_ENABLE_OBJC_ARC = YES;
				CLANG_ENABLE_OBJC_WEAK = YES;
				CLANG_WARN_BLOCK_CAPTURE_AUTORELEASING = YES;
				CLANG_WARN_BOOL_CONVERSION = YES;
				CLANG_WARN_COMMA = YES;
				CLANG_WARN_CONSTANT_CONVERSION = YES;
				CLANG_WARN_DEPRECATED_OBJC_IMPLEMENTATIONS = YES;
				CLANG_WARN_DIRECT_OBJC_ISA_USAGE = YES_ERROR;
				CLANG_WARN_DOCUMENTATION_COMMENTS = YES;
				CLANG_WARN_EMPTY_BODY = YES;
				CLANG_WARN_ENUM_CONVERSION = YES;
				CLANG_WARN_INFINITE_RECURSION = YES;
				CLANG_WARN_INT_CONVERSION = YES;
				CLANG_WARN_NON_LITERAL_NULL_CONVERSION = YES;
				CLANG_WARN_OBJC_IMPLICIT_RETAIN_SELF = YES;
				CLANG_WARN_OBJC_LITERAL_CONVERSION = YES;
				CLANG_WARN_OBJC_ROOT_CLASS = YES_ERROR;
				CLANG_WARN_QUOTED_INCLUDE_IN_FRAMEWORK_HEADER = YES;
				CLANG_WARN_RANGE_LOOP_ANALYSIS = YES;
				CLANG_WARN_STRICT_PROTOTYPES = YES;
				CLANG_WARN_SUSPICIOUS_MOVE = YES;
				CLANG_WARN_UNGUARDED_AVAILABILITY = YES_AGGRESSIVE;
				CLANG_WARN_UNREACHABLE_CODE = YES;
				CLANG_WARN__DUPLICATE_METHOD_MATCH = YES;
				COPY_PHASE_STRIP = NO;
				DEBUG_INFORMATION_FORMAT = dwarf;
				ENABLE_STRICT_OBJC_MSGSEND = YES;
				ENABLE_TESTABILITY = YES;
				GCC_C_LANGUAGE_STANDARD = gnu11;
				GCC_DYNAMIC_NO_PIC = NO;
				GCC_NO_COMMON_BLOCKS = YES;
				GCC_OPTIMIZATION_LEVEL = 0;
				GCC_PREPROCESSOR_DEFINITIONS = (
					"DEBUG=1",
					"$(inherited)",
				);
				GCC_WARN_64_TO_32_BIT_CONVERSION = YES;
				GCC_WARN_ABOUT_RETURN_TYPE = YES_ERROR;
				GCC_WARN_UNDECLARED_SELECTOR = YES;
				GCC_WARN_UNINITIALIZED_AUTOS = YES_AGGRESSIVE;
				GCC_WARN_UNUSED_FUNCTION = YES;
				GCC_WARN_UNUSED_VARIABLE = YES;
				IPHONEOS_DEPLOYMENT_TARGET = 16.0;
				MTL_ENABLE_DEBUG_INFO = INCLUDE_SOURCE;
				MTL_FAST_MATH = YES;
				ONLY_ACTIVE_ARCH = YES;
				SDKROOT = iphoneos;
				SWIFT_ACTIVE_COMPILATION_CONDITIONS = DEBUG;
				SWIFT_OPTIMIZATION_LEVEL = "-Onone";
			};
			name = Debug;
		};
		6C5E81272922C6BF00BE08DA /* Release */ = {
			isa = XCBuildConfiguration;
			buildSettings = {
				ALWAYS_SEARCH_USER_PATHS = NO;
				CLANG_ANALYZER_NONNULL = YES;
				CLANG_ANALYZER_NUMBER_OBJECT_CONVERSION = YES_AGGRESSIVE;
				CLANG_CXX_LANGUAGE_STANDARD = "gnu++20";
				CLANG_ENABLE_MODULES = YES;
				CLANG_ENABLE_OBJC_ARC = YES;
				CLANG_ENABLE_OBJC_WEAK = YES;
				CLANG_WARN_BLOCK_CAPTURE_AUTORELEASING = YES;
				CLANG_WARN_BOOL_CONVERSION = YES;
				CLANG_WARN_COMMA = YES;
				CLANG_WARN_CONSTANT_CONVERSION = YES;
				CLANG_WARN_DEPRECATED_OBJC_IMPLEMENTATIONS = YES;
				CLANG_WARN_DIRECT_OBJC_ISA_USAGE = YES_ERROR;
				CLANG_WARN_DOCUMENTATION_COMMENTS = YES;
				CLANG_WARN_EMPTY_BODY = YES;
				CLANG_WARN_ENUM_CONVERSION = YES;
				CLANG_WARN_INFINITE_RECURSION = YES;
				CLANG_WARN_INT_CONVERSION = YES;
				CLANG_WARN_NON_LITERAL_NULL_CONVERSION = YES;
				CLANG_WARN_OBJC_IMPLICIT_RETAIN_SELF = YES;
				CLANG_WARN_OBJC_LITERAL_CONVERSION = YES;
				CLANG_WARN_OBJC_ROOT_CLASS = YES_ERROR;
				CLANG_WARN_QUOTED_INCLUDE_IN_FRAMEWORK_HEADER = YES;
				CLANG_WARN_RANGE_LOOP_ANALYSIS = YES;
				CLANG_WARN_STRICT_PROTOTYPES = YES;
				CLANG_WARN_SUSPICIOUS_MOVE = YES;
				CLANG_WARN_UNGUARDED_AVAILABILITY = YES_AGGRESSIVE;
				CLANG_WARN_UNREACHABLE_CODE = YES;
				CLANG_WARN__DUPLICATE_METHOD_MATCH = YES;
				COPY_PHASE_STRIP = NO;
				DEBUG_INFORMATION_FORMAT = "dwarf-with-dsym";
				ENABLE_NS_ASSERTIONS = NO;
				ENABLE_STRICT_OBJC_MSGSEND = YES;
				GCC_C_LANGUAGE_STANDARD = gnu11;
				GCC_NO_COMMON_BLOCKS = YES;
				GCC_WARN_64_TO_32_BIT_CONVERSION = YES;
				GCC_WARN_ABOUT_RETURN_TYPE = YES_ERROR;
				GCC_WARN_UNDECLARED_SELECTOR = YES;
				GCC_WARN_UNINITIALIZED_AUTOS = YES_AGGRESSIVE;
				GCC_WARN_UNUSED_FUNCTION = YES;
				GCC_WARN_UNUSED_VARIABLE = YES;
				IPHONEOS_DEPLOYMENT_TARGET = 16.0;
				MTL_ENABLE_DEBUG_INFO = NO;
				MTL_FAST_MATH = YES;
				SDKROOT = iphoneos;
				SWIFT_COMPILATION_MODE = wholemodule;
				SWIFT_OPTIMIZATION_LEVEL = "-O";
				VALIDATE_PRODUCT = YES;
			};
			name = Release;
		};
		6C5E81292922C6BF00BE08DA /* Debug */ = {
			isa = XCBuildConfiguration;
			buildSettings = {
				ASSETCATALOG_COMPILER_APPICON_NAME = AppIcon;
				ASSETCATALOG_COMPILER_GLOBAL_ACCENT_COLOR_NAME = AccentColor;
				CODE_SIGN_STYLE = Automatic;
				CURRENT_PROJECT_VERSION = 1;
				DEVELOPMENT_TEAM = 7Q8Q4799J2;
				GENERATE_INFOPLIST_FILE = YES;
				INFOPLIST_FILE = TableViewFromScratch/Info.plist;
				INFOPLIST_KEY_UIApplicationSupportsIndirectInputEvents = YES;
				INFOPLIST_KEY_UILaunchStoryboardName = LaunchScreen;
				INFOPLIST_KEY_UIMainStoryboardFile = Main;
				INFOPLIST_KEY_UISupportedInterfaceOrientations_iPad = "UIInterfaceOrientationPortrait UIInterfaceOrientationPortraitUpsideDown UIInterfaceOrientationLandscapeLeft UIInterfaceOrientationLandscapeRight";
				INFOPLIST_KEY_UISupportedInterfaceOrientations_iPhone = "UIInterfaceOrientationPortrait UIInterfaceOrientationLandscapeLeft UIInterfaceOrientationLandscapeRight";
				LD_RUNPATH_SEARCH_PATHS = (
					"$(inherited)",
					"@executable_path/Frameworks",
				);
				MARKETING_VERSION = 1.0;
				PRODUCT_BUNDLE_IDENTIFIER = com.aasalesdev.TableViewFromScratch;
				PRODUCT_NAME = "$(TARGET_NAME)";
				SWIFT_EMIT_LOC_STRINGS = YES;
				SWIFT_VERSION = 5.0;
				TARGETED_DEVICE_FAMILY = "1,2";
			};
			name = Debug;
		};
		6C5E812A2922C6BF00BE08DA /* Release */ = {
			isa = XCBuildConfiguration;
			buildSettings = {
				ASSETCATALOG_COMPILER_APPICON_NAME = AppIcon;
				ASSETCATALOG_COMPILER_GLOBAL_ACCENT_COLOR_NAME = AccentColor;
				CODE_SIGN_STYLE = Automatic;
				CURRENT_PROJECT_VERSION = 1;
				DEVELOPMENT_TEAM = 7Q8Q4799J2;
				GENERATE_INFOPLIST_FILE = YES;
				INFOPLIST_FILE = TableViewFromScratch/Info.plist;
				INFOPLIST_KEY_UIApplicationSupportsIndirectInputEvents = YES;
				INFOPLIST_KEY_UILaunchStoryboardName = LaunchScreen;
				INFOPLIST_KEY_UIMainStoryboardFile = Main;
				INFOPLIST_KEY_UISupportedInterfaceOrientations_iPad = "UIInterfaceOrientationPortrait UIInterfaceOrientationPortraitUpsideDown UIInterfaceOrientationLandscapeLeft UIInterfaceOrientationLandscapeRight";
				INFOPLIST_KEY_UISupportedInterfaceOrientations_iPhone = "UIInterfaceOrientationPortrait UIInterfaceOrientationLandscapeLeft UIInterfaceOrientationLandscapeRight";
				LD_RUNPATH_SEARCH_PATHS = (
					"$(inherited)",
					"@executable_path/Frameworks",
				);
				MARKETING_VERSION = 1.0;
				PRODUCT_BUNDLE_IDENTIFIER = com.aasalesdev.TableViewFromScratch;
				PRODUCT_NAME = "$(TARGET_NAME)";
				SWIFT_EMIT_LOC_STRINGS = YES;
				SWIFT_VERSION = 5.0;
				TARGETED_DEVICE_FAMILY = "1,2";
			};
			name = Release;
		};
/* End XCBuildConfiguration section */

/* Begin XCConfigurationList section */
		6C5E810F2922C6BE00BE08DA /* Build configuration list for PBXProject "TableViewFromScratch" */ = {
			isa = XCConfigurationList;
			buildConfigurations = (
				6C5E81262922C6BF00BE08DA /* Debug */,
				6C5E81272922C6BF00BE08DA /* Release */,
			);
			defaultConfigurationIsVisible = 0;
			defaultConfigurationName = Release;
		};
		6C5E81282922C6BF00BE08DA /* Build configuration list for PBXNativeTarget "TableViewFromScratch" */ = {
			isa = XCConfigurationList;
			buildConfigurations = (
				6C5E81292922C6BF00BE08DA /* Debug */,
				6C5E812A2922C6BF00BE08DA /* Release */,
			);
			defaultConfigurationIsVisible = 0;
			defaultConfigurationName = Release;
		};
/* End XCConfigurationList section */
	};
	rootObject = 6C5E810C2922C6BE00BE08DA /* Project object */;
}
